
Microsoft Visual Studio Solution File, Format Version 12.00
# Visual Studio 15
VisualStudioVersion = 15.0.27703.2018
MinimumVisualStudioVersion = 10.0.40219.1
Project("{FAE04EC0-301F-11D3-BF4B-00C04F79EFBC}") = "ApiAspNetCore", "ApiAspNetCore\ApiAspNetCore.csproj", "{FAC00CE2-1855-42CD-9AF0-25C80230CB9A}"
EndProject
Global
	GlobalSection(SolutionConfigurationPlatforms) = preSolution
		Debug|Any CPU = Debug|Any CPU
		Release|Any CPU = Release|Any CPU
	EndGlobalSection
	GlobalSection(ProjectConfigurationPlatforms) = postSolution
		{FAC00CE2-1855-42CD-9AF0-25C80230CB9A}.Debug|Any CPU.ActiveCfg = Debug|Any CPU
		{FAC00CE2-1855-42CD-9AF0-25C80230CB9A}.Debug|Any CPU.Build.0 = Debug|Any CPU
		{FAC00CE2-1855-42CD-9AF0-25C80230CB9A}.Release|Any CPU.ActiveCfg = Release|Any CPU
		{FAC00CE2-1855-42CD-9AF0-25C80230CB9A}.Release|Any CPU.Build.0 = Release|Any CPU
	EndGlobalSection
	GlobalSection(SolutionProperties) = preSolution
		HideSolutionNode = FALSE
	EndGlobalSection
	GlobalSection(ExtensibilityGlobals) = postSolution
		SolutionGuid = {6F5785C0-E716-4CDC-85FE-892C752C28C7}
	EndGlobalSection
EndGlobal
