
Microsoft Visual Studio Solution File, Format Version 12.00
# Visual Studio 15
VisualStudioVersion = 15.0.27703.2018
MinimumVisualStudioVersion = 10.0.40219.1
Project("{FAE04EC0-301F-11D3-BF4B-00C04F79EFBC}") = "ApiAspNetWeb", "ApiAspNetWeb\ApiAspNetWeb.csproj", "{F4A742B4-7391-4320-A2BF-9731FDB063D7}"
EndProject
Global
	GlobalSection(SolutionConfigurationPlatforms) = preSolution
		Debug|Any CPU = Debug|Any CPU
		Release|Any CPU = Release|Any CPU
	EndGlobalSection
	GlobalSection(ProjectConfigurationPlatforms) = postSolution
		{F4A742B4-7391-4320-A2BF-9731FDB063D7}.Debug|Any CPU.ActiveCfg = Debug|Any CPU
		{F4A742B4-7391-4320-A2BF-9731FDB063D7}.Debug|Any CPU.Build.0 = Debug|Any CPU
		{F4A742B4-7391-4320-A2BF-9731FDB063D7}.Release|Any CPU.ActiveCfg = Release|Any CPU
		{F4A742B4-7391-4320-A2BF-9731FDB063D7}.Release|Any CPU.Build.0 = Release|Any CPU
	EndGlobalSection
	GlobalSection(SolutionProperties) = preSolution
		HideSolutionNode = FALSE
	EndGlobalSection
	GlobalSection(ExtensibilityGlobals) = postSolution
		SolutionGuid = {7E8C5292-6C2E-4212-937E-9EDF962DA3C5}
	EndGlobalSection
EndGlobal
