
Microsoft Visual Studio Solution File, Format Version 12.00
# Visual Studio 15
VisualStudioVersion = 15.0.28016.0
MinimumVisualStudioVersion = 10.0.40219.1
Project("{FAE04EC0-301F-11D3-BF4B-00C04F79EFBC}") = "WpfApp", "WpfApp\WpfApp.csproj", "{39EF84D1-9DEF-4991-A6E0-F90CC63D0884}"
EndProject
Global
	GlobalSection(SolutionConfigurationPlatforms) = preSolution
		Debug|Any CPU = Debug|Any CPU
		Release|Any CPU = Release|Any CPU
	EndGlobalSection
	GlobalSection(ProjectConfigurationPlatforms) = postSolution
		{39EF84D1-9DEF-4991-A6E0-F90CC63D0884}.Debug|Any CPU.ActiveCfg = Debug|Any CPU
		{39EF84D1-9DEF-4991-A6E0-F90CC63D0884}.Debug|Any CPU.Build.0 = Debug|Any CPU
		{39EF84D1-9DEF-4991-A6E0-F90CC63D0884}.Release|Any CPU.ActiveCfg = Release|Any CPU
		{39EF84D1-9DEF-4991-A6E0-F90CC63D0884}.Release|Any CPU.Build.0 = Release|Any CPU
	EndGlobalSection
	GlobalSection(SolutionProperties) = preSolution
		HideSolutionNode = FALSE
	EndGlobalSection
	GlobalSection(ExtensibilityGlobals) = postSolution
		SolutionGuid = {73D7957D-C2B9-46A7-9A10-1856E0A4F532}
	EndGlobalSection
EndGlobal
