
Microsoft Visual Studio Solution File, Format Version 12.00
# Visual Studio 15
VisualStudioVersion = 15.0.28016.0
MinimumVisualStudioVersion = 10.0.40219.1
Project("{FAE04EC0-301F-11D3-BF4B-00C04F79EFBC}") = "WindowsFormsApp", "WindowsFormsApp\WindowsFormsApp.csproj", "{17DBAF25-7D05-4AD7-9223-A35C07126F38}"
EndProject
Global
	GlobalSection(SolutionConfigurationPlatforms) = preSolution
		Debug|Any CPU = Debug|Any CPU
		Release|Any CPU = Release|Any CPU
	EndGlobalSection
	GlobalSection(ProjectConfigurationPlatforms) = postSolution
		{17DBAF25-7D05-4AD7-9223-A35C07126F38}.Debug|Any CPU.ActiveCfg = Debug|Any CPU
		{17DBAF25-7D05-4AD7-9223-A35C07126F38}.Debug|Any CPU.Build.0 = Debug|Any CPU
		{17DBAF25-7D05-4AD7-9223-A35C07126F38}.Release|Any CPU.ActiveCfg = Release|Any CPU
		{17DBAF25-7D05-4AD7-9223-A35C07126F38}.Release|Any CPU.Build.0 = Release|Any CPU
	EndGlobalSection
	GlobalSection(SolutionProperties) = preSolution
		HideSolutionNode = FALSE
	EndGlobalSection
	GlobalSection(ExtensibilityGlobals) = postSolution
		SolutionGuid = {E38017AB-D732-45ED-9C07-ECD6219F24A2}
	EndGlobalSection
EndGlobal
